
Microsoft Visual Studio Solution File, Format Version 12.00
# Visual Studio 15
VisualStudioVersion = 15.0.27130.2027
MinimumVisualStudioVersion = 10.0.40219.1
Project("{8BC9CEB8-8B4A-11D0-8D11-00A0C91BC942}") = "graphicsPipeline", "graphicsPipeline.vcxproj", "{61554F69-416B-470E-A9A8-ECB69EBB2A54}"
EndProject
Project("{FAE04EC0-301F-11D3-BF4B-00C04F79EFBC}") = "GraphicsController", "..\GraphicsController\GraphicsController.csproj", "{3E3A24AA-392D-4B53-99A7-1EFD118F6FDA}"
	ProjectSection(ProjectDependencies) = postProject
		{61554F69-416B-470E-A9A8-ECB69EBB2A54} = {61554F69-416B-470E-A9A8-ECB69EBB2A54}
	EndProjectSection
EndProject
Project("{FAE04EC0-301F-11D3-BF4B-00C04F79EFBC}") = "SceneEditLauncher", "..\..\Launcher\Launcher\SceneEditLauncher.csproj", "{8DACE0EA-9830-43CB-8832-D589C9CD0469}"
EndProject
Global
	GlobalSection(SolutionConfigurationPlatforms) = preSolution
		Debug|Any CPU = Debug|Any CPU
		Debug|x64 = Debug|x64
		Debug|x86 = Debug|x86
		Release|Any CPU = Release|Any CPU
		Release|x64 = Release|x64
		Release|x86 = Release|x86
	EndGlobalSection
	GlobalSection(ProjectConfigurationPlatforms) = postSolution
		{61554F69-416B-470E-A9A8-ECB69EBB2A54}.Debug|Any CPU.ActiveCfg = Debug|Win32
		{61554F69-416B-470E-A9A8-ECB69EBB2A54}.Debug|x64.ActiveCfg = Debug|x64
		{61554F69-416B-470E-A9A8-ECB69EBB2A54}.Debug|x64.Build.0 = Debug|x64
		{61554F69-416B-470E-A9A8-ECB69EBB2A54}.Debug|x86.ActiveCfg = Debug|Win32
		{61554F69-416B-470E-A9A8-ECB69EBB2A54}.Debug|x86.Build.0 = Debug|Win32
		{61554F69-416B-470E-A9A8-ECB69EBB2A54}.Release|Any CPU.ActiveCfg = Release|Win32
		{61554F69-416B-470E-A9A8-ECB69EBB2A54}.Release|x64.ActiveCfg = Release|x64
		{61554F69-416B-470E-A9A8-ECB69EBB2A54}.Release|x64.Build.0 = Release|x64
		{61554F69-416B-470E-A9A8-ECB69EBB2A54}.Release|x86.ActiveCfg = Release|Win32
		{61554F69-416B-470E-A9A8-ECB69EBB2A54}.Release|x86.Build.0 = Release|Win32
		{3E3A24AA-392D-4B53-99A7-1EFD118F6FDA}.Debug|Any CPU.ActiveCfg = Debug|Any CPU
		{3E3A24AA-392D-4B53-99A7-1EFD118F6FDA}.Debug|Any CPU.Build.0 = Debug|Any CPU
		{3E3A24AA-392D-4B53-99A7-1EFD118F6FDA}.Debug|x64.ActiveCfg = Debug|Any CPU
		{3E3A24AA-392D-4B53-99A7-1EFD118F6FDA}.Debug|x64.Build.0 = Debug|Any CPU
		{3E3A24AA-392D-4B53-99A7-1EFD118F6FDA}.Debug|x86.ActiveCfg = Debug|Any CPU
		{3E3A24AA-392D-4B53-99A7-1EFD118F6FDA}.Debug|x86.Build.0 = Debug|Any CPU
		{3E3A24AA-392D-4B53-99A7-1EFD118F6FDA}.Release|Any CPU.ActiveCfg = Release|Any CPU
		{3E3A24AA-392D-4B53-99A7-1EFD118F6FDA}.Release|Any CPU.Build.0 = Release|Any CPU
		{3E3A24AA-392D-4B53-99A7-1EFD118F6FDA}.Release|x64.ActiveCfg = Release|Any CPU
		{3E3A24AA-392D-4B53-99A7-1EFD118F6FDA}.Release|x64.Build.0 = Release|Any CPU
		{3E3A24AA-392D-4B53-99A7-1EFD118F6FDA}.Release|x86.ActiveCfg = Release|Any CPU
		{3E3A24AA-392D-4B53-99A7-1EFD118F6FDA}.Release|x86.Build.0 = Release|Any CPU
		{8DACE0EA-9830-43CB-8832-D589C9CD0469}.Debug|Any CPU.ActiveCfg = Debug|Any CPU
		{8DACE0EA-9830-43CB-8832-D589C9CD0469}.Debug|Any CPU.Build.0 = Debug|Any CPU
		{8DACE0EA-9830-43CB-8832-D589C9CD0469}.Debug|x64.ActiveCfg = Debug|Any CPU
		{8DACE0EA-9830-43CB-8832-D589C9CD0469}.Debug|x64.Build.0 = Debug|Any CPU
		{8DACE0EA-9830-43CB-8832-D589C9CD0469}.Debug|x86.ActiveCfg = Debug|Any CPU
		{8DACE0EA-9830-43CB-8832-D589C9CD0469}.Debug|x86.Build.0 = Debug|Any CPU
		{8DACE0EA-9830-43CB-8832-D589C9CD0469}.Release|Any CPU.ActiveCfg = Release|Any CPU
		{8DACE0EA-9830-43CB-8832-D589C9CD0469}.Release|Any CPU.Build.0 = Release|Any CPU
		{8DACE0EA-9830-43CB-8832-D589C9CD0469}.Release|x64.ActiveCfg = Release|Any CPU
		{8DACE0EA-9830-43CB-8832-D589C9CD0469}.Release|x64.Build.0 = Release|Any CPU
		{8DACE0EA-9830-43CB-8832-D589C9CD0469}.Release|x86.ActiveCfg = Release|Any CPU
		{8DACE0EA-9830-43CB-8832-D589C9CD0469}.Release|x86.Build.0 = Release|Any CPU
	EndGlobalSection
	GlobalSection(SolutionProperties) = preSolution
		HideSolutionNode = FALSE
	EndGlobalSection
	GlobalSection(ExtensibilityGlobals) = postSolution
		SolutionGuid = {9B6BD937-F51D-4AB5-9EBF-D9D971F04226}
	EndGlobalSection
EndGlobal
